// !$*UTF8*$!
{
	archiveVersion = 1;
	classes = {
	};
	objectVersion = 51;
	objects = {

/* Begin PBXBuildFile section */
		53AB418124A6FF9800B75A89 /* DetailViewController.swift in Sources */ = {isa = PBXBuildFile; fileRef = 53AB418024A6FF9800B75A89 /* DetailViewController.swift */; };
		53AB418324A7089700B75A89 /* PhotoCollectionCell.swift in Sources */ = {isa = PBXBuildFile; fileRef = 53AB418224A7089700B75A89 /* PhotoCollectionCell.swift */; };
		5D88906CDD04539A6CCA533C /* Pods_Unsplash.framework in Frameworks */ = {isa = PBXBuildFile; fileRef = AFD3DF84EC0CDC8A62445EAE /* Pods_Unsplash.framework */; };
		76676DBB4E5286AD296133DF /* Pods_Unsplash_UnsplashUITests.framework in Frameworks */ = {isa = PBXBuildFile; fileRef = 73D06215143411CBED2DE6F4 /* Pods_Unsplash_UnsplashUITests.framework */; };
		85DD3E852784421504D00376 /* Pods_UnsplashTests.framework in Frameworks */ = {isa = PBXBuildFile; fileRef = 563CB437B5DA3E154AEFC365 /* Pods_UnsplashTests.framework */; };
		BA0D1EA624A4E16900150AA7 /* AppDelegate.swift in Sources */ = {isa = PBXBuildFile; fileRef = BA0D1EA524A4E16900150AA7 /* AppDelegate.swift */; };
		BA0D1EA824A4E16900150AA7 /* SceneDelegate.swift in Sources */ = {isa = PBXBuildFile; fileRef = BA0D1EA724A4E16900150AA7 /* SceneDelegate.swift */; };
		BA0D1EAA24A4E16900150AA7 /* MainViewController.swift in Sources */ = {isa = PBXBuildFile; fileRef = BA0D1EA924A4E16900150AA7 /* MainViewController.swift */; };
		BA0D1EAD24A4E16900150AA7 /* Main.storyboard in Resources */ = {isa = PBXBuildFile; fileRef = BA0D1EAB24A4E16900150AA7 /* Main.storyboard */; };
		BA0D1EB024A4E16900150AA7 /* Unsplash.xcdatamodeld in Sources */ = {isa = PBXBuildFile; fileRef = BA0D1EAE24A4E16900150AA7 /* Unsplash.xcdatamodeld */; };
		BA0D1EB224A4E16B00150AA7 /* Assets.xcassets in Resources */ = {isa = PBXBuildFile; fileRef = BA0D1EB124A4E16B00150AA7 /* Assets.xcassets */; };
		BA0D1EB524A4E16B00150AA7 /* LaunchScreen.storyboard in Resources */ = {isa = PBXBuildFile; fileRef = BA0D1EB324A4E16B00150AA7 /* LaunchScreen.storyboard */; };
		BA0D1EC024A4E16B00150AA7 /* UnsplashTests.swift in Sources */ = {isa = PBXBuildFile; fileRef = BA0D1EBF24A4E16B00150AA7 /* UnsplashTests.swift */; };
		BA0D1ECB24A4E16B00150AA7 /* UnsplashUITests.swift in Sources */ = {isa = PBXBuildFile; fileRef = BA0D1ECA24A4E16B00150AA7 /* UnsplashUITests.swift */; };
		BA0D1ED924A4EB5D00150AA7 /* Logger.swift in Sources */ = {isa = PBXBuildFile; fileRef = BA0D1ED824A4EB5D00150AA7 /* Logger.swift */; };
		BA0D1EDC24A4EBBA00150AA7 /* NetworkManager.swift in Sources */ = {isa = PBXBuildFile; fileRef = BA0D1EDB24A4EBBA00150AA7 /* NetworkManager.swift */; };
		BA0D1EDE24A4EBC400150AA7 /* Router.swift in Sources */ = {isa = PBXBuildFile; fileRef = BA0D1EDD24A4EBC400150AA7 /* Router.swift */; };
		BA0D1EE124A4EC0200150AA7 /* Codable+Extension.swift in Sources */ = {isa = PBXBuildFile; fileRef = BA0D1EE024A4EC0200150AA7 /* Codable+Extension.swift */; };
		BA0D1EE324A4EC2700150AA7 /* Data+Extension.swift in Sources */ = {isa = PBXBuildFile; fileRef = BA0D1EE224A4EC2700150AA7 /* Data+Extension.swift */; };
		BA0D1EE524A4EF3F00150AA7 /* MainViewModel.swift in Sources */ = {isa = PBXBuildFile; fileRef = BA0D1EE424A4EF3F00150AA7 /* MainViewModel.swift */; };
		BA0D1EE924A4F1BE00150AA7 /* SearchResponse.swift in Sources */ = {isa = PBXBuildFile; fileRef = BA0D1EE824A4F1BE00150AA7 /* SearchResponse.swift */; };
		BA0D1EEB24A5021E00150AA7 /* PhotoRequest.swift in Sources */ = {isa = PBXBuildFile; fileRef = BA0D1EEA24A5021E00150AA7 /* PhotoRequest.swift */; };
		BA0D1EED24A50EE500150AA7 /* PhotoInfo.swift in Sources */ = {isa = PBXBuildFile; fileRef = BA0D1EEC24A50EE500150AA7 /* PhotoInfo.swift */; };
		BA964BEF24A634C400008EB3 /* PhotoCell.swift in Sources */ = {isa = PBXBuildFile; fileRef = BA964BEE24A634C400008EB3 /* PhotoCell.swift */; };
/* End PBXBuildFile section */

/* Begin PBXContainerItemProxy section */
		BA0D1EBC24A4E16B00150AA7 /* PBXContainerItemProxy */ = {
			isa = PBXContainerItemProxy;
			containerPortal = BA0D1E9A24A4E16900150AA7 /* Project object */;
			proxyType = 1;
			remoteGlobalIDString = BA0D1EA124A4E16900150AA7;
			remoteInfo = Unsplash;
		};
		BA0D1EC724A4E16B00150AA7 /* PBXContainerItemProxy */ = {
			isa = PBXContainerItemProxy;
			containerPortal = BA0D1E9A24A4E16900150AA7 /* Project object */;
			proxyType = 1;
			remoteGlobalIDString = BA0D1EA124A4E16900150AA7;
			remoteInfo = Unsplash;
		};
/* End PBXContainerItemProxy section */

/* Begin PBXFileReference section */
		02AB9E94ACE1D43CCE43E126 /* Pods-Unsplash-UnsplashUITests.debug.xcconfig */ = {isa = PBXFileReference; includeInIndex = 1; lastKnownFileType = text.xcconfig; name = "Pods-Unsplash-UnsplashUITests.debug.xcconfig"; path = "Target Support Files/Pods-Unsplash-UnsplashUITests/Pods-Unsplash-UnsplashUITests.debug.xcconfig"; sourceTree = "<group>"; };
		53AB418024A6FF9800B75A89 /* DetailViewController.swift */ = {isa = PBXFileReference; lastKnownFileType = sourcecode.swift; path = DetailViewController.swift; sourceTree = "<group>"; };
		53AB418224A7089700B75A89 /* PhotoCollectionCell.swift */ = {isa = PBXFileReference; lastKnownFileType = sourcecode.swift; path = PhotoCollectionCell.swift; sourceTree = "<group>"; };
		563CB437B5DA3E154AEFC365 /* Pods_UnsplashTests.framework */ = {isa = PBXFileReference; explicitFileType = wrapper.framework; includeInIndex = 0; path = Pods_UnsplashTests.framework; sourceTree = BUILT_PRODUCTS_DIR; };
		73D06215143411CBED2DE6F4 /* Pods_Unsplash_UnsplashUITests.framework */ = {isa = PBXFileReference; explicitFileType = wrapper.framework; includeInIndex = 0; path = Pods_Unsplash_UnsplashUITests.framework; sourceTree = BUILT_PRODUCTS_DIR; };
		9A4609414F066043A9061A9B /* Pods-Unsplash.debug.xcconfig */ = {isa = PBXFileReference; includeInIndex = 1; lastKnownFileType = text.xcconfig; name = "Pods-Unsplash.debug.xcconfig"; path = "Target Support Files/Pods-Unsplash/Pods-Unsplash.debug.xcconfig"; sourceTree = "<group>"; };
		9AD0BBF0E9B47A7E90A1A397 /* Pods-Unsplash.release.xcconfig */ = {isa = PBXFileReference; includeInIndex = 1; lastKnownFileType = text.xcconfig; name = "Pods-Unsplash.release.xcconfig"; path = "Target Support Files/Pods-Unsplash/Pods-Unsplash.release.xcconfig"; sourceTree = "<group>"; };
		9EB1924DE2444D65C75673F7 /* Pods-Unsplash-UnsplashUITests.release.xcconfig */ = {isa = PBXFileReference; includeInIndex = 1; lastKnownFileType = text.xcconfig; name = "Pods-Unsplash-UnsplashUITests.release.xcconfig"; path = "Target Support Files/Pods-Unsplash-UnsplashUITests/Pods-Unsplash-UnsplashUITests.release.xcconfig"; sourceTree = "<group>"; };
		AFD3DF84EC0CDC8A62445EAE /* Pods_Unsplash.framework */ = {isa = PBXFileReference; explicitFileType = wrapper.framework; includeInIndex = 0; path = Pods_Unsplash.framework; sourceTree = BUILT_PRODUCTS_DIR; };
		BA0D1EA224A4E16900150AA7 /* Unsplash.app */ = {isa = PBXFileReference; explicitFileType = wrapper.application; includeInIndex = 0; path = Unsplash.app; sourceTree = BUILT_PRODUCTS_DIR; };
		BA0D1EA524A4E16900150AA7 /* AppDelegate.swift */ = {isa = PBXFileReference; lastKnownFileType = sourcecode.swift; path = AppDelegate.swift; sourceTree = "<group>"; };
		BA0D1EA724A4E16900150AA7 /* SceneDelegate.swift */ = {isa = PBXFileReference; lastKnownFileType = sourcecode.swift; path = SceneDelegate.swift; sourceTree = "<group>"; };
		BA0D1EA924A4E16900150AA7 /* MainViewController.swift */ = {isa = PBXFileReference; lastKnownFileType = sourcecode.swift; path = MainViewController.swift; sourceTree = "<group>"; };
		BA0D1EAC24A4E16900150AA7 /* Base */ = {isa = PBXFileReference; lastKnownFileType = file.storyboard; name = Base; path = Base.lproj/Main.storyboard; sourceTree = "<group>"; };
		BA0D1EAF24A4E16900150AA7 /* Unsplash.xcdatamodel */ = {isa = PBXFileReference; lastKnownFileType = wrapper.xcdatamodel; path = Unsplash.xcdatamodel; sourceTree = "<group>"; };
		BA0D1EB124A4E16B00150AA7 /* Assets.xcassets */ = {isa = PBXFileReference; lastKnownFileType = folder.assetcatalog; path = Assets.xcassets; sourceTree = "<group>"; };
		BA0D1EB424A4E16B00150AA7 /* Base */ = {isa = PBXFileReference; lastKnownFileType = file.storyboard; name = Base; path = Base.lproj/LaunchScreen.storyboard; sourceTree = "<group>"; };
		BA0D1EB624A4E16B00150AA7 /* Info.plist */ = {isa = PBXFileReference; lastKnownFileType = text.plist.xml; path = Info.plist; sourceTree = "<group>"; };
		BA0D1EBB24A4E16B00150AA7 /* UnsplashTests.xctest */ = {isa = PBXFileReference; explicitFileType = wrapper.cfbundle; includeInIndex = 0; path = UnsplashTests.xctest; sourceTree = BUILT_PRODUCTS_DIR; };
		BA0D1EBF24A4E16B00150AA7 /* UnsplashTests.swift */ = {isa = PBXFileReference; lastKnownFileType = sourcecode.swift; path = UnsplashTests.swift; sourceTree = "<group>"; };
		BA0D1EC124A4E16B00150AA7 /* Info.plist */ = {isa = PBXFileReference; lastKnownFileType = text.plist.xml; path = Info.plist; sourceTree = "<group>"; };
		BA0D1EC624A4E16B00150AA7 /* UnsplashUITests.xctest */ = {isa = PBXFileReference; explicitFileType = wrapper.cfbundle; includeInIndex = 0; path = UnsplashUITests.xctest; sourceTree = BUILT_PRODUCTS_DIR; };
		BA0D1ECA24A4E16B00150AA7 /* UnsplashUITests.swift */ = {isa = PBXFileReference; lastKnownFileType = sourcecode.swift; path = UnsplashUITests.swift; sourceTree = "<group>"; };
		BA0D1ECC24A4E16B00150AA7 /* Info.plist */ = {isa = PBXFileReference; lastKnownFileType = text.plist.xml; path = Info.plist; sourceTree = "<group>"; };
		BA0D1ED824A4EB5D00150AA7 /* Logger.swift */ = {isa = PBXFileReference; lastKnownFileType = sourcecode.swift; path = Logger.swift; sourceTree = "<group>"; };
		BA0D1EDB24A4EBBA00150AA7 /* NetworkManager.swift */ = {isa = PBXFileReference; lastKnownFileType = sourcecode.swift; path = NetworkManager.swift; sourceTree = "<group>"; };
		BA0D1EDD24A4EBC400150AA7 /* Router.swift */ = {isa = PBXFileReference; lastKnownFileType = sourcecode.swift; path = Router.swift; sourceTree = "<group>"; };
		BA0D1EE024A4EC0200150AA7 /* Codable+Extension.swift */ = {isa = PBXFileReference; lastKnownFileType = sourcecode.swift; path = "Codable+Extension.swift"; sourceTree = "<group>"; };
		BA0D1EE224A4EC2700150AA7 /* Data+Extension.swift */ = {isa = PBXFileReference; lastKnownFileType = sourcecode.swift; path = "Data+Extension.swift"; sourceTree = "<group>"; };
		BA0D1EE424A4EF3F00150AA7 /* MainViewModel.swift */ = {isa = PBXFileReference; lastKnownFileType = sourcecode.swift; path = MainViewModel.swift; sourceTree = "<group>"; };
		BA0D1EE824A4F1BE00150AA7 /* SearchResponse.swift */ = {isa = PBXFileReference; lastKnownFileType = sourcecode.swift; path = SearchResponse.swift; sourceTree = "<group>"; };
		BA0D1EEA24A5021E00150AA7 /* PhotoRequest.swift */ = {isa = PBXFileReference; lastKnownFileType = sourcecode.swift; path = PhotoRequest.swift; sourceTree = "<group>"; };
		BA0D1EEC24A50EE500150AA7 /* PhotoInfo.swift */ = {isa = PBXFileReference; lastKnownFileType = sourcecode.swift; path = PhotoInfo.swift; sourceTree = "<group>"; };
		BA964BEE24A634C400008EB3 /* PhotoCell.swift */ = {isa = PBXFileReference; lastKnownFileType = sourcecode.swift; path = PhotoCell.swift; sourceTree = "<group>"; };
		D17AC7175475BAD93A7AD507 /* Pods-UnsplashTests.debug.xcconfig */ = {isa = PBXFileReference; includeInIndex = 1; lastKnownFileType = text.xcconfig; name = "Pods-UnsplashTests.debug.xcconfig"; path = "Target Support Files/Pods-UnsplashTests/Pods-UnsplashTests.debug.xcconfig"; sourceTree = "<group>"; };
		EEAB629D835EF4ACE859E047 /* Pods-UnsplashTests.release.xcconfig */ = {isa = PBXFileReference; includeInIndex = 1; lastKnownFileType = text.xcconfig; name = "Pods-UnsplashTests.release.xcconfig"; path = "Target Support Files/Pods-UnsplashTests/Pods-UnsplashTests.release.xcconfig"; sourceTree = "<group>"; };
/* End PBXFileReference section */

/* Begin PBXFrameworksBuildPhase section */
		BA0D1E9F24A4E16900150AA7 /* Frameworks */ = {
			isa = PBXFrameworksBuildPhase;
			buildActionMask = 2147483647;
			files = (
				5D88906CDD04539A6CCA533C /* Pods_Unsplash.framework in Frameworks */,
			);
			runOnlyForDeploymentPostprocessing = 0;
		};
		BA0D1EB824A4E16B00150AA7 /* Frameworks */ = {
			isa = PBXFrameworksBuildPhase;
			buildActionMask = 2147483647;
			files = (
				85DD3E852784421504D00376 /* Pods_UnsplashTests.framework in Frameworks */,
			);
			runOnlyForDeploymentPostprocessing = 0;
		};
		BA0D1EC324A4E16B00150AA7 /* Frameworks */ = {
			isa = PBXFrameworksBuildPhase;
			buildActionMask = 2147483647;
			files = (
				76676DBB4E5286AD296133DF /* Pods_Unsplash_UnsplashUITests.framework in Frameworks */,
			);
			runOnlyForDeploymentPostprocessing = 0;
		};
/* End PBXFrameworksBuildPhase section */

/* Begin PBXGroup section */
		53AB418424A7090F00B75A89 /* Cell */ = {
			isa = PBXGroup;
			children = (
				BA964BEE24A634C400008EB3 /* PhotoCell.swift */,
				53AB418224A7089700B75A89 /* PhotoCollectionCell.swift */,
			);
			path = Cell;
			sourceTree = "<group>";
		};
		802DFE3164E532CA043CF0C0 /* Frameworks */ = {
			isa = PBXGroup;
			children = (
				AFD3DF84EC0CDC8A62445EAE /* Pods_Unsplash.framework */,
				73D06215143411CBED2DE6F4 /* Pods_Unsplash_UnsplashUITests.framework */,
				563CB437B5DA3E154AEFC365 /* Pods_UnsplashTests.framework */,
			);
			name = Frameworks;
			sourceTree = "<group>";
		};
		B2C2519EE1B5336FBF74E5CE /* Pods */ = {
			isa = PBXGroup;
			children = (
				9A4609414F066043A9061A9B /* Pods-Unsplash.debug.xcconfig */,
				9AD0BBF0E9B47A7E90A1A397 /* Pods-Unsplash.release.xcconfig */,
				02AB9E94ACE1D43CCE43E126 /* Pods-Unsplash-UnsplashUITests.debug.xcconfig */,
				9EB1924DE2444D65C75673F7 /* Pods-Unsplash-UnsplashUITests.release.xcconfig */,
				D17AC7175475BAD93A7AD507 /* Pods-UnsplashTests.debug.xcconfig */,
				EEAB629D835EF4ACE859E047 /* Pods-UnsplashTests.release.xcconfig */,
			);
			path = Pods;
			sourceTree = "<group>";
		};
		BA0D1E9924A4E16900150AA7 = {
			isa = PBXGroup;
			children = (
				BA0D1EA424A4E16900150AA7 /* Unsplash */,
				BA0D1EBE24A4E16B00150AA7 /* UnsplashTests */,
				BA0D1EC924A4E16B00150AA7 /* UnsplashUITests */,
				BA0D1EA324A4E16900150AA7 /* Products */,
				B2C2519EE1B5336FBF74E5CE /* Pods */,
				802DFE3164E532CA043CF0C0 /* Frameworks */,
			);
			sourceTree = "<group>";
		};
		BA0D1EA324A4E16900150AA7 /* Products */ = {
			isa = PBXGroup;
			children = (
				BA0D1EA224A4E16900150AA7 /* Unsplash.app */,
				BA0D1EBB24A4E16B00150AA7 /* UnsplashTests.xctest */,
				BA0D1EC624A4E16B00150AA7 /* UnsplashUITests.xctest */,
			);
			name = Products;
			sourceTree = "<group>";
		};
		BA0D1EA424A4E16900150AA7 /* Unsplash */ = {
			isa = PBXGroup;
			children = (
				BA0D1EE724A4F1AF00150AA7 /* Model */,
				BA0D1EE624A4EF4900150AA7 /* Feature */,
				BA0D1EDF24A4EBE900150AA7 /* Extension */,
				BA0D1EDA24A4EBAB00150AA7 /* Network */,
				BA0D1EA524A4E16900150AA7 /* AppDelegate.swift */,
				BA0D1EA724A4E16900150AA7 /* SceneDelegate.swift */,
				BA0D1EAB24A4E16900150AA7 /* Main.storyboard */,
				BA0D1EB124A4E16B00150AA7 /* Assets.xcassets */,
				BA0D1EB324A4E16B00150AA7 /* LaunchScreen.storyboard */,
				BA0D1EB624A4E16B00150AA7 /* Info.plist */,
				BA0D1EAE24A4E16900150AA7 /* Unsplash.xcdatamodeld */,
				BA0D1ED824A4EB5D00150AA7 /* Logger.swift */,
			);
			path = Unsplash;
			sourceTree = "<group>";
		};
		BA0D1EBE24A4E16B00150AA7 /* UnsplashTests */ = {
			isa = PBXGroup;
			children = (
				BA0D1EBF24A4E16B00150AA7 /* UnsplashTests.swift */,
				BA0D1EC124A4E16B00150AA7 /* Info.plist */,
			);
			path = UnsplashTests;
			sourceTree = "<group>";
		};
		BA0D1EC924A4E16B00150AA7 /* UnsplashUITests */ = {
			isa = PBXGroup;
			children = (
				BA0D1ECA24A4E16B00150AA7 /* UnsplashUITests.swift */,
				BA0D1ECC24A4E16B00150AA7 /* Info.plist */,
			);
			path = UnsplashUITests;
			sourceTree = "<group>";
		};
		BA0D1EDA24A4EBAB00150AA7 /* Network */ = {
			isa = PBXGroup;
			children = (
				BA0D1EDB24A4EBBA00150AA7 /* NetworkManager.swift */,
				BA0D1EDD24A4EBC400150AA7 /* Router.swift */,
			);
			path = Network;
			sourceTree = "<group>";
		};
		BA0D1EDF24A4EBE900150AA7 /* Extension */ = {
			isa = PBXGroup;
			children = (
				BA0D1EE024A4EC0200150AA7 /* Codable+Extension.swift */,
				BA0D1EE224A4EC2700150AA7 /* Data+Extension.swift */,
			);
			path = Extension;
			sourceTree = "<group>";
		};
		BA0D1EE624A4EF4900150AA7 /* Feature */ = {
			isa = PBXGroup;
			children = (
				53AB418424A7090F00B75A89 /* Cell */,
				53AB418024A6FF9800B75A89 /* DetailViewController.swift */,
				BA0D1EA924A4E16900150AA7 /* MainViewController.swift */,
				BA0D1EE424A4EF3F00150AA7 /* MainViewModel.swift */,
			);
			path = Feature;
			sourceTree = "<group>";
		};
		BA0D1EE724A4F1AF00150AA7 /* Model */ = {
			isa = PBXGroup;
			children = (
				BA0D1EE824A4F1BE00150AA7 /* SearchResponse.swift */,
				BA0D1EEA24A5021E00150AA7 /* PhotoRequest.swift */,
				BA0D1EEC24A50EE500150AA7 /* PhotoInfo.swift */,
			);
			path = Model;
			sourceTree = "<group>";
		};
/* End PBXGroup section */

/* Begin PBXNativeTarget section */
		BA0D1EA124A4E16900150AA7 /* Unsplash */ = {
			isa = PBXNativeTarget;
			buildConfigurationList = BA0D1ECF24A4E16B00150AA7 /* Build configuration list for PBXNativeTarget "Unsplash" */;
			buildPhases = (
				4628518BAA3A966ECD37CB2F /* [CP] Check Pods Manifest.lock */,
				BA0D1E9E24A4E16900150AA7 /* Sources */,
				BA0D1E9F24A4E16900150AA7 /* Frameworks */,
				BA0D1EA024A4E16900150AA7 /* Resources */,
				2F9FF45AEABB746E48483B20 /* [CP] Embed Pods Frameworks */,
			);
			buildRules = (
			);
			dependencies = (
			);
			name = Unsplash;
			productName = Unsplash;
			productReference = BA0D1EA224A4E16900150AA7 /* Unsplash.app */;
			productType = "com.apple.product-type.application";
		};
		BA0D1EBA24A4E16B00150AA7 /* UnsplashTests */ = {
			isa = PBXNativeTarget;
			buildConfigurationList = BA0D1ED224A4E16B00150AA7 /* Build configuration list for PBXNativeTarget "UnsplashTests" */;
			buildPhases = (
				733D87BFA30C289B34D91895 /* [CP] Check Pods Manifest.lock */,
				BA0D1EB724A4E16B00150AA7 /* Sources */,
				BA0D1EB824A4E16B00150AA7 /* Frameworks */,
				BA0D1EB924A4E16B00150AA7 /* Resources */,
			);
			buildRules = (
			);
			dependencies = (
				BA0D1EBD24A4E16B00150AA7 /* PBXTargetDependency */,
			);
			name = UnsplashTests;
			productName = UnsplashTests;
			productReference = BA0D1EBB24A4E16B00150AA7 /* UnsplashTests.xctest */;
			productType = "com.apple.product-type.bundle.unit-test";
		};
		BA0D1EC524A4E16B00150AA7 /* UnsplashUITests */ = {
			isa = PBXNativeTarget;
			buildConfigurationList = BA0D1ED524A4E16B00150AA7 /* Build configuration list for PBXNativeTarget "UnsplashUITests" */;
			buildPhases = (
				5708637711E2772D9D9207B4 /* [CP] Check Pods Manifest.lock */,
				BA0D1EC224A4E16B00150AA7 /* Sources */,
				BA0D1EC324A4E16B00150AA7 /* Frameworks */,
				BA0D1EC424A4E16B00150AA7 /* Resources */,
				8E85E0BBF1BD30E07255BA3E /* [CP] Embed Pods Frameworks */,
			);
			buildRules = (
			);
			dependencies = (
				BA0D1EC824A4E16B00150AA7 /* PBXTargetDependency */,
			);
			name = UnsplashUITests;
			productName = UnsplashUITests;
			productReference = BA0D1EC624A4E16B00150AA7 /* UnsplashUITests.xctest */;
			productType = "com.apple.product-type.bundle.ui-testing";
		};
/* End PBXNativeTarget section */

/* Begin PBXProject section */
		BA0D1E9A24A4E16900150AA7 /* Project object */ = {
			isa = PBXProject;
			attributes = {
				LastSwiftUpdateCheck = 1150;
				LastUpgradeCheck = 1150;
				ORGANIZATIONNAME = sunwoo;
				TargetAttributes = {
					BA0D1EA124A4E16900150AA7 = {
						CreatedOnToolsVersion = 11.5;
					};
					BA0D1EBA24A4E16B00150AA7 = {
						CreatedOnToolsVersion = 11.5;
						TestTargetID = BA0D1EA124A4E16900150AA7;
					};
					BA0D1EC524A4E16B00150AA7 = {
						CreatedOnToolsVersion = 11.5;
						TestTargetID = BA0D1EA124A4E16900150AA7;
					};
				};
			};
			buildConfigurationList = BA0D1E9D24A4E16900150AA7 /* Build configuration list for PBXProject "Unsplash" */;
			compatibilityVersion = "Xcode 9.3";
			developmentRegion = en;
			hasScannedForEncodings = 0;
			knownRegions = (
				en,
				Base,
			);
			mainGroup = BA0D1E9924A4E16900150AA7;
			productRefGroup = BA0D1EA324A4E16900150AA7 /* Products */;
			projectDirPath = "";
			projectRoot = "";
			targets = (
				BA0D1EA124A4E16900150AA7 /* Unsplash */,
				BA0D1EBA24A4E16B00150AA7 /* UnsplashTests */,
				BA0D1EC524A4E16B00150AA7 /* UnsplashUITests */,
			);
		};
/* End PBXProject section */

/* Begin PBXResourcesBuildPhase section */
		BA0D1EA024A4E16900150AA7 /* Resources */ = {
			isa = PBXResourcesBuildPhase;
			buildActionMask = 2147483647;
			files = (
				BA0D1EB524A4E16B00150AA7 /* LaunchScreen.storyboard in Resources */,
				BA0D1EB224A4E16B00150AA7 /* Assets.xcassets in Resources */,
				BA0D1EAD24A4E16900150AA7 /* Main.storyboard in Resources */,
			);
			runOnlyForDeploymentPostprocessing = 0;
		};
		BA0D1EB924A4E16B00150AA7 /* Resources */ = {
			isa = PBXResourcesBuildPhase;
			buildActionMask = 2147483647;
			files = (
			);
			runOnlyForDeploymentPostprocessing = 0;
		};
		BA0D1EC424A4E16B00150AA7 /* Resources */ = {
			isa = PBXResourcesBuildPhase;
			buildActionMask = 2147483647;
			files = (
			);
			runOnlyForDeploymentPostprocessing = 0;
		};
/* End PBXResourcesBuildPhase section */

/* Begin PBXShellScriptBuildPhase section */
		2F9FF45AEABB746E48483B20 /* [CP] Embed Pods Frameworks */ = {
			isa = PBXShellScriptBuildPhase;
			buildActionMask = 2147483647;
			files = (
			);
			inputFileListPaths = (
				"${PODS_ROOT}/Target Support Files/Pods-Unsplash/Pods-Unsplash-frameworks-${CONFIGURATION}-input-files.xcfilelist",
			);
			name = "[CP] Embed Pods Frameworks";
			outputFileListPaths = (
				"${PODS_ROOT}/Target Support Files/Pods-Unsplash/Pods-Unsplash-frameworks-${CONFIGURATION}-output-files.xcfilelist",
			);
			runOnlyForDeploymentPostprocessing = 0;
			shellPath = /bin/sh;
			shellScript = "\"${PODS_ROOT}/Target Support Files/Pods-Unsplash/Pods-Unsplash-frameworks.sh\"\n";
			showEnvVarsInLog = 0;
		};
		4628518BAA3A966ECD37CB2F /* [CP] Check Pods Manifest.lock */ = {
			isa = PBXShellScriptBuildPhase;
			buildActionMask = 2147483647;
			files = (
			);
			inputFileListPaths = (
			);
			inputPaths = (
				"${PODS_PODFILE_DIR_PATH}/Podfile.lock",
				"${PODS_ROOT}/Manifest.lock",
			);
			name = "[CP] Check Pods Manifest.lock";
			outputFileListPaths = (
			);
			outputPaths = (
				"$(DERIVED_FILE_DIR)/Pods-Unsplash-checkManifestLockResult.txt",
			);
			runOnlyForDeploymentPostprocessing = 0;
			shellPath = /bin/sh;
			shellScript = "diff \"${PODS_PODFILE_DIR_PATH}/Podfile.lock\" \"${PODS_ROOT}/Manifest.lock\" > /dev/null\nif [ $? != 0 ] ; then\n    # print error to STDERR\n    echo \"error: The sandbox is not in sync with the Podfile.lock. Run 'pod install' or update your CocoaPods installation.\" >&2\n    exit 1\nfi\n# This output is used by Xcode 'outputs' to avoid re-running this script phase.\necho \"SUCCESS\" > \"${SCRIPT_OUTPUT_FILE_0}\"\n";
			showEnvVarsInLog = 0;
		};
		5708637711E2772D9D9207B4 /* [CP] Check Pods Manifest.lock */ = {
			isa = PBXShellScriptBuildPhase;
			buildActionMask = 2147483647;
			files = (
			);
			inputFileListPaths = (
			);
			inputPaths = (
				"${PODS_PODFILE_DIR_PATH}/Podfile.lock",
				"${PODS_ROOT}/Manifest.lock",
			);
			name = "[CP] Check Pods Manifest.lock";
			outputFileListPaths = (
			);
			outputPaths = (
				"$(DERIVED_FILE_DIR)/Pods-Unsplash-UnsplashUITests-checkManifestLockResult.txt",
			);
			runOnlyForDeploymentPostprocessing = 0;
			shellPath = /bin/sh;
			shellScript = "diff \"${PODS_PODFILE_DIR_PATH}/Podfile.lock\" \"${PODS_ROOT}/Manifest.lock\" > /dev/null\nif [ $? != 0 ] ; then\n    # print error to STDERR\n    echo \"error: The sandbox is not in sync with the Podfile.lock. Run 'pod install' or update your CocoaPods installation.\" >&2\n    exit 1\nfi\n# This output is used by Xcode 'outputs' to avoid re-running this script phase.\necho \"SUCCESS\" > \"${SCRIPT_OUTPUT_FILE_0}\"\n";
			showEnvVarsInLog = 0;
		};
		733D87BFA30C289B34D91895 /* [CP] Check Pods Manifest.lock */ = {
			isa = PBXShellScriptBuildPhase;
			buildActionMask = 2147483647;
			files = (
			);
			inputFileListPaths = (
			);
			inputPaths = (
				"${PODS_PODFILE_DIR_PATH}/Podfile.lock",
				"${PODS_ROOT}/Manifest.lock",
			);
			name = "[CP] Check Pods Manifest.lock";
			outputFileListPaths = (
			);
			outputPaths = (
				"$(DERIVED_FILE_DIR)/Pods-UnsplashTests-checkManifestLockResult.txt",
			);
			runOnlyForDeploymentPostprocessing = 0;
			shellPath = /bin/sh;
			shellScript = "diff \"${PODS_PODFILE_DIR_PATH}/Podfile.lock\" \"${PODS_ROOT}/Manifest.lock\" > /dev/null\nif [ $? != 0 ] ; then\n    # print error to STDERR\n    echo \"error: The sandbox is not in sync with the Podfile.lock. Run 'pod install' or update your CocoaPods installation.\" >&2\n    exit 1\nfi\n# This output is used by Xcode 'outputs' to avoid re-running this script phase.\necho \"SUCCESS\" > \"${SCRIPT_OUTPUT_FILE_0}\"\n";
			showEnvVarsInLog = 0;
		};
		8E85E0BBF1BD30E07255BA3E /* [CP] Embed Pods Frameworks */ = {
			isa = PBXShellScriptBuildPhase;
			buildActionMask = 2147483647;
			files = (
			);
			inputFileListPaths = (
				"${PODS_ROOT}/Target Support Files/Pods-Unsplash-UnsplashUITests/Pods-Unsplash-UnsplashUITests-frameworks-${CONFIGURATION}-input-files.xcfilelist",
			);
			name = "[CP] Embed Pods Frameworks";
			outputFileListPaths = (
				"${PODS_ROOT}/Target Support Files/Pods-Unsplash-UnsplashUITests/Pods-Unsplash-UnsplashUITests-frameworks-${CONFIGURATION}-output-files.xcfilelist",
			);
			runOnlyForDeploymentPostprocessing = 0;
			shellPath = /bin/sh;
			shellScript = "\"${PODS_ROOT}/Target Support Files/Pods-Unsplash-UnsplashUITests/Pods-Unsplash-UnsplashUITests-frameworks.sh\"\n";
			showEnvVarsInLog = 0;
		};
/* End PBXShellScriptBuildPhase section */

/* Begin PBXSourcesBuildPhase section */
		BA0D1E9E24A4E16900150AA7 /* Sources */ = {
			isa = PBXSourcesBuildPhase;
			buildActionMask = 2147483647;
			files = (
				BA964BEF24A634C400008EB3 /* PhotoCell.swift in Sources */,
				BA0D1EEB24A5021E00150AA7 /* PhotoRequest.swift in Sources */,
				BA0D1EDC24A4EBBA00150AA7 /* NetworkManager.swift in Sources */,
				BA0D1ED924A4EB5D00150AA7 /* Logger.swift in Sources */,
				BA0D1EAA24A4E16900150AA7 /* MainViewController.swift in Sources */,
				BA0D1EED24A50EE500150AA7 /* PhotoInfo.swift in Sources */,
				BA0D1EDE24A4EBC400150AA7 /* Router.swift in Sources */,
				BA0D1EE124A4EC0200150AA7 /* Codable+Extension.swift in Sources */,
				BA0D1EE924A4F1BE00150AA7 /* SearchResponse.swift in Sources */,
				53AB418324A7089700B75A89 /* PhotoCollectionCell.swift in Sources */,
				BA0D1EA624A4E16900150AA7 /* AppDelegate.swift in Sources */,
				BA0D1EE524A4EF3F00150AA7 /* MainViewModel.swift in Sources */,
				BA0D1EA824A4E16900150AA7 /* SceneDelegate.swift in Sources */,
				53AB418124A6FF9800B75A89 /* DetailViewController.swift in Sources */,
				BA0D1EB024A4E16900150AA7 /* Unsplash.xcdatamodeld in Sources */,
				BA0D1EE324A4EC2700150AA7 /* Data+Extension.swift in Sources */,
			);
			runOnlyForDeploymentPostprocessing = 0;
		};
		BA0D1EB724A4E16B00150AA7 /* Sources */ = {
			isa = PBXSourcesBuildPhase;
			buildActionMask = 2147483647;
			files = (
				BA0D1EC024A4E16B00150AA7 /* UnsplashTests.swift in Sources */,
			);
			runOnlyForDeploymentPostprocessing = 0;
		};
		BA0D1EC224A4E16B00150AA7 /* Sources */ = {
			isa = PBXSourcesBuildPhase;
			buildActionMask = 2147483647;
			files = (
				BA0D1ECB24A4E16B00150AA7 /* UnsplashUITests.swift in Sources */,
			);
			runOnlyForDeploymentPostprocessing = 0;
		};
/* End PBXSourcesBuildPhase section */

/* Begin PBXTargetDependency section */
		BA0D1EBD24A4E16B00150AA7 /* PBXTargetDependency */ = {
			isa = PBXTargetDependency;
			target = BA0D1EA124A4E16900150AA7 /* Unsplash */;
			targetProxy = BA0D1EBC24A4E16B00150AA7 /* PBXContainerItemProxy */;
		};
		BA0D1EC824A4E16B00150AA7 /* PBXTargetDependency */ = {
			isa = PBXTargetDependency;
			target = BA0D1EA124A4E16900150AA7 /* Unsplash */;
			targetProxy = BA0D1EC724A4E16B00150AA7 /* PBXContainerItemProxy */;
		};
/* End PBXTargetDependency section */

/* Begin PBXVariantGroup section */
		BA0D1EAB24A4E16900150AA7 /* Main.storyboard */ = {
			isa = PBXVariantGroup;
			children = (
				BA0D1EAC24A4E16900150AA7 /* Base */,
			);
			name = Main.storyboard;
			sourceTree = "<group>";
		};
		BA0D1EB324A4E16B00150AA7 /* LaunchScreen.storyboard */ = {
			isa = PBXVariantGroup;
			children = (
				BA0D1EB424A4E16B00150AA7 /* Base */,
			);
			name = LaunchScreen.storyboard;
			sourceTree = "<group>";
		};
/* End PBXVariantGroup section */

/* Begin XCBuildConfiguration section */
		BA0D1ECD24A4E16B00150AA7 /* Debug */ = {
			isa = XCBuildConfiguration;
			buildSettings = {
				ALWAYS_SEARCH_USER_PATHS = NO;
				CLANG_ANALYZER_NONNULL = YES;
				CLANG_ANALYZER_NUMBER_OBJECT_CONVERSION = YES_AGGRESSIVE;
				CLANG_CXX_LANGUAGE_STANDARD = "gnu++14";
				CLANG_CXX_LIBRARY = "libc++";
				CLANG_ENABLE_MODULES = YES;
				CLANG_ENABLE_OBJC_ARC = YES;
				CLANG_ENABLE_OBJC_WEAK = YES;
				CLANG_WARN_BLOCK_CAPTURE_AUTORELEASING = YES;
				CLANG_WARN_BOOL_CONVERSION = YES;
				CLANG_WARN_COMMA = YES;
				CLANG_WARN_CONSTANT_CONVERSION = YES;
				CLANG_WARN_DEPRECATED_OBJC_IMPLEMENTATIONS = YES;
				CLANG_WARN_DIRECT_OBJC_ISA_USAGE = YES_ERROR;
				CLANG_WARN_DOCUMENTATION_COMMENTS = YES;
				CLANG_WARN_EMPTY_BODY = YES;
				CLANG_WARN_ENUM_CONVERSION = YES;
				CLANG_WARN_INFINITE_RECURSION = YES;
				CLANG_WARN_INT_CONVERSION = YES;
				CLANG_WARN_NON_LITERAL_NULL_CONVERSION = YES;
				CLANG_WARN_OBJC_IMPLICIT_RETAIN_SELF = YES;
				CLANG_WARN_OBJC_LITERAL_CONVERSION = YES;
				CLANG_WARN_OBJC_ROOT_CLASS = YES_ERROR;
				CLANG_WARN_RANGE_LOOP_ANALYSIS = YES;
				CLANG_WARN_STRICT_PROTOTYPES = YES;
				CLANG_WARN_SUSPICIOUS_MOVE = YES;
				CLANG_WARN_UNGUARDED_AVAILABILITY = YES_AGGRESSIVE;
				CLANG_WARN_UNREACHABLE_CODE = YES;
				CLANG_WARN__DUPLICATE_METHOD_MATCH = YES;
				COPY_PHASE_STRIP = NO;
				DEBUG_INFORMATION_FORMAT = dwarf;
				ENABLE_STRICT_OBJC_MSGSEND = YES;
				ENABLE_TESTABILITY = YES;
				GCC_C_LANGUAGE_STANDARD = gnu11;
				GCC_DYNAMIC_NO_PIC = NO;
				GCC_NO_COMMON_BLOCKS = YES;
				GCC_OPTIMIZATION_LEVEL = 0;
				GCC_PREPROCESSOR_DEFINITIONS = (
					"DEBUG=1",
					"$(inherited)",
				);
				GCC_WARN_64_TO_32_BIT_CONVERSION = YES;
				GCC_WARN_ABOUT_RETURN_TYPE = YES_ERROR;
				GCC_WARN_UNDECLARED_SELECTOR = YES;
				GCC_WARN_UNINITIALIZED_AUTOS = YES_AGGRESSIVE;
				GCC_WARN_UNUSED_FUNCTION = YES;
				GCC_WARN_UNUSED_VARIABLE = YES;
				IPHONEOS_DEPLOYMENT_TARGET = 12.0;
				MTL_ENABLE_DEBUG_INFO = INCLUDE_SOURCE;
				MTL_FAST_MATH = YES;
				ONLY_ACTIVE_ARCH = YES;
				SDKROOT = iphoneos;
				SWIFT_ACTIVE_COMPILATION_CONDITIONS = DEBUG;
				SWIFT_OPTIMIZATION_LEVEL = "-Onone";
			};
			name = Debug;
		};
		BA0D1ECE24A4E16B00150AA7 /* Release */ = {
			isa = XCBuildConfiguration;
			buildSettings = {
				ALWAYS_SEARCH_USER_PATHS = NO;
				CLANG_ANALYZER_NONNULL = YES;
				CLANG_ANALYZER_NUMBER_OBJECT_CONVERSION = YES_AGGRESSIVE;
				CLANG_CXX_LANGUAGE_STANDARD = "gnu++14";
				CLANG_CXX_LIBRARY = "libc++";
				CLANG_ENABLE_MODULES = YES;
				CLANG_ENABLE_OBJC_ARC = YES;
				CLANG_ENABLE_OBJC_WEAK = YES;
				CLANG_WARN_BLOCK_CAPTURE_AUTORELEASING = YES;
				CLANG_WARN_BOOL_CONVERSION = YES;
				CLANG_WARN_COMMA = YES;
				CLANG_WARN_CONSTANT_CONVERSION = YES;
				CLANG_WARN_DEPRECATED_OBJC_IMPLEMENTATIONS = YES;
				CLANG_WARN_DIRECT_OBJC_ISA_USAGE = YES_ERROR;
				CLANG_WARN_DOCUMENTATION_COMMENTS = YES;
				CLANG_WARN_EMPTY_BODY = YES;
				CLANG_WARN_ENUM_CONVERSION = YES;
				CLANG_WARN_INFINITE_RECURSION = YES;
				CLANG_WARN_INT_CONVERSION = YES;
				CLANG_WARN_NON_LITERAL_NULL_CONVERSION = YES;
				CLANG_WARN_OBJC_IMPLICIT_RETAIN_SELF = YES;
				CLANG_WARN_OBJC_LITERAL_CONVERSION = YES;
				CLANG_WARN_OBJC_ROOT_CLASS = YES_ERROR;
				CLANG_WARN_RANGE_LOOP_ANALYSIS = YES;
				CLANG_WARN_STRICT_PROTOTYPES = YES;
				CLANG_WARN_SUSPICIOUS_MOVE = YES;
				CLANG_WARN_UNGUARDED_AVAILABILITY = YES_AGGRESSIVE;
				CLANG_WARN_UNREACHABLE_CODE = YES;
				CLANG_WARN__DUPLICATE_METHOD_MATCH = YES;
				COPY_PHASE_STRIP = NO;
				DEBUG_INFORMATION_FORMAT = "dwarf-with-dsym";
				ENABLE_NS_ASSERTIONS = NO;
				ENABLE_STRICT_OBJC_MSGSEND = YES;
				GCC_C_LANGUAGE_STANDARD = gnu11;
				GCC_NO_COMMON_BLOCKS = YES;
				GCC_WARN_64_TO_32_BIT_CONVERSION = YES;
				GCC_WARN_ABOUT_RETURN_TYPE = YES_ERROR;
				GCC_WARN_UNDECLARED_SELECTOR = YES;
				GCC_WARN_UNINITIALIZED_AUTOS = YES_AGGRESSIVE;
				GCC_WARN_UNUSED_FUNCTION = YES;
				GCC_WARN_UNUSED_VARIABLE = YES;
				IPHONEOS_DEPLOYMENT_TARGET = 12.0;
				MTL_ENABLE_DEBUG_INFO = NO;
				MTL_FAST_MATH = YES;
				SDKROOT = iphoneos;
				SWIFT_COMPILATION_MODE = wholemodule;
				SWIFT_OPTIMIZATION_LEVEL = "-O";
				VALIDATE_PRODUCT = YES;
			};
			name = Release;
		};
		BA0D1ED024A4E16B00150AA7 /* Debug */ = {
			isa = XCBuildConfiguration;
			baseConfigurationReference = 9A4609414F066043A9061A9B /* Pods-Unsplash.debug.xcconfig */;
			buildSettings = {
				ASSETCATALOG_COMPILER_APPICON_NAME = AppIcon;
				CODE_SIGN_STYLE = Automatic;
				DEVELOPMENT_TEAM = 6394U65F42;
				INFOPLIST_FILE = Unsplash/Info.plist;
				LD_RUNPATH_SEARCH_PATHS = (
					"$(inherited)",
					"@executable_path/Frameworks",
				);
				PRODUCT_BUNDLE_IDENTIFIER = com.sunwoo.Unsplash;
				PRODUCT_NAME = "$(TARGET_NAME)";
				SWIFT_VERSION = 5.0;
				TARGETED_DEVICE_FAMILY = 1;
			};
			name = Debug;
		};
		BA0D1ED124A4E16B00150AA7 /* Release */ = {
			isa = XCBuildConfiguration;
			baseConfigurationReference = 9AD0BBF0E9B47A7E90A1A397 /* Pods-Unsplash.release.xcconfig */;
			buildSettings = {
				ASSETCATALOG_COMPILER_APPICON_NAME = AppIcon;
				CODE_SIGN_STYLE = Automatic;
				DEVELOPMENT_TEAM = 6394U65F42;
				INFOPLIST_FILE = Unsplash/Info.plist;
				LD_RUNPATH_SEARCH_PATHS = (
					"$(inherited)",
					"@executable_path/Frameworks",
				);
				PRODUCT_BUNDLE_IDENTIFIER = com.sunwoo.Unsplash;
				PRODUCT_NAME = "$(TARGET_NAME)";
				SWIFT_VERSION = 5.0;
				TARGETED_DEVICE_FAMILY = 1;
			};
			name = Release;
		};
		BA0D1ED324A4E16B00150AA7 /* Debug */ = {
			isa = XCBuildConfiguration;
			baseConfigurationReference = D17AC7175475BAD93A7AD507 /* Pods-UnsplashTests.debug.xcconfig */;
			buildSettings = {
				ALWAYS_EMBED_SWIFT_STANDARD_LIBRARIES = YES;
				BUNDLE_LOADER = "$(TEST_HOST)";
				CODE_SIGN_STYLE = Automatic;
				DEVELOPMENT_TEAM = S4UDNG6L69;
				INFOPLIST_FILE = UnsplashTests/Info.plist;
				IPHONEOS_DEPLOYMENT_TARGET = 13.5;
				LD_RUNPATH_SEARCH_PATHS = (
					"$(inherited)",
					"@executable_path/Frameworks",
					"@loader_path/Frameworks",
				);
				PRODUCT_BUNDLE_IDENTIFIER = com.sunwoo.UnsplashTests;
				PRODUCT_NAME = "$(TARGET_NAME)";
				SWIFT_VERSION = 5.0;
				TARGETED_DEVICE_FAMILY = "1,2";
				TEST_HOST = "$(BUILT_PRODUCTS_DIR)/Unsplash.app/Unsplash";
			};
			name = Debug;
		};
		BA0D1ED424A4E16B00150AA7 /* Release */ = {
			isa = XCBuildConfiguration;
			baseConfigurationReference = EEAB629D835EF4ACE859E047 /* Pods-UnsplashTests.release.xcconfig */;
			buildSettings = {
				ALWAYS_EMBED_SWIFT_STANDARD_LIBRARIES = YES;
				BUNDLE_LOADER = "$(TEST_HOST)";
				CODE_SIGN_STYLE = Automatic;
				DEVELOPMENT_TEAM = S4UDNG6L69;
				INFOPLIST_FILE = UnsplashTests/Info.plist;
				IPHONEOS_DEPLOYMENT_TARGET = 13.5;
				LD_RUNPATH_SEARCH_PATHS = (
					"$(inherited)",
					"@executable_path/Frameworks",
					"@loader_path/Frameworks",
				);
				PRODUCT_BUNDLE_IDENTIFIER = com.sunwoo.UnsplashTests;
				PRODUCT_NAME = "$(TARGET_NAME)";
				SWIFT_VERSION = 5.0;
				TARGETED_DEVICE_FAMILY = "1,2";
				TEST_HOST = "$(BUILT_PRODUCTS_DIR)/Unsplash.app/Unsplash";
			};
			name = Release;
		};
		BA0D1ED624A4E16B00150AA7 /* Debug */ = {
			isa = XCBuildConfiguration;
			baseConfigurationReference = 02AB9E94ACE1D43CCE43E126 /* Pods-Unsplash-UnsplashUITests.debug.xcconfig */;
			buildSettings = {
				ALWAYS_EMBED_SWIFT_STANDARD_LIBRARIES = YES;
				CODE_SIGN_STYLE = Automatic;
				DEVELOPMENT_TEAM = S4UDNG6L69;
				INFOPLIST_FILE = UnsplashUITests/Info.plist;
				LD_RUNPATH_SEARCH_PATHS = (
					"$(inherited)",
					"@executable_path/Frameworks",
					"@loader_path/Frameworks",
				);
				PRODUCT_BUNDLE_IDENTIFIER = com.sunwoo.UnsplashUITests;
				PRODUCT_NAME = "$(TARGET_NAME)";
				SWIFT_VERSION = 5.0;
				TARGETED_DEVICE_FAMILY = "1,2";
				TEST_TARGET_NAME = Unsplash;
			};
			name = Debug;
		};
		BA0D1ED724A4E16B00150AA7 /* Release */ = {
			isa = XCBuildConfiguration;
			baseConfigurationReference = 9EB1924DE2444D65C75673F7 /* Pods-Unsplash-UnsplashUITests.release.xcconfig */;
			buildSettings = {
				ALWAYS_EMBED_SWIFT_STANDARD_LIBRARIES = YES;
				CODE_SIGN_STYLE = Automatic;
				DEVELOPMENT_TEAM = S4UDNG6L69;
				INFOPLIST_FILE = UnsplashUITests/Info.plist;
				LD_RUNPATH_SEARCH_PATHS = (
					"$(inherited)",
					"@executable_path/Frameworks",
					"@loader_path/Frameworks",
				);
				PRODUCT_BUNDLE_IDENTIFIER = com.sunwoo.UnsplashUITests;
				PRODUCT_NAME = "$(TARGET_NAME)";
				SWIFT_VERSION = 5.0;
				TARGETED_DEVICE_FAMILY = "1,2";
				TEST_TARGET_NAME = Unsplash;
			};
			name = Release;
		};
/* End XCBuildConfiguration section */

/* Begin XCConfigurationList section */
		BA0D1E9D24A4E16900150AA7 /* Build configuration list for PBXProject "Unsplash" */ = {
			isa = XCConfigurationList;
			buildConfigurations = (
				BA0D1ECD24A4E16B00150AA7 /* Debug */,
				BA0D1ECE24A4E16B00150AA7 /* Release */,
			);
			defaultConfigurationIsVisible = 0;
			defaultConfigurationName = Release;
		};
		BA0D1ECF24A4E16B00150AA7 /* Build configuration list for PBXNativeTarget "Unsplash" */ = {
			isa = XCConfigurationList;
			buildConfigurations = (
				BA0D1ED024A4E16B00150AA7 /* Debug */,
				BA0D1ED124A4E16B00150AA7 /* Release */,
			);
			defaultConfigurationIsVisible = 0;
			defaultConfigurationName = Release;
		};
		BA0D1ED224A4E16B00150AA7 /* Build configuration list for PBXNativeTarget "UnsplashTests" */ = {
			isa = XCConfigurationList;
			buildConfigurations = (
				BA0D1ED324A4E16B00150AA7 /* Debug */,
				BA0D1ED424A4E16B00150AA7 /* Release */,
			);
			defaultConfigurationIsVisible = 0;
			defaultConfigurationName = Release;
		};
		BA0D1ED524A4E16B00150AA7 /* Build configuration list for PBXNativeTarget "UnsplashUITests" */ = {
			isa = XCConfigurationList;
			buildConfigurations = (
				BA0D1ED624A4E16B00150AA7 /* Debug */,
				BA0D1ED724A4E16B00150AA7 /* Release */,
			);
			defaultConfigurationIsVisible = 0;
			defaultConfigurationName = Release;
		};
/* End XCConfigurationList section */

/* Begin XCVersionGroup section */
		BA0D1EAE24A4E16900150AA7 /* Unsplash.xcdatamodeld */ = {
			isa = XCVersionGroup;
			children = (
				BA0D1EAF24A4E16900150AA7 /* Unsplash.xcdatamodel */,
			);
			currentVersion = BA0D1EAF24A4E16900150AA7 /* Unsplash.xcdatamodel */;
			path = Unsplash.xcdatamodeld;
			sourceTree = "<group>";
			versionGroupType = wrapper.xcdatamodel;
		};
/* End XCVersionGroup section */
	};
	rootObject = BA0D1E9A24A4E16900150AA7 /* Project object */;
}
